// !$*UTF8*$!
{
	archiveVersion = 1;
	classes = {
	};
	objectVersion = 50;
	objects = {

/* Begin PBXBuildFile section */
		E229AEB023EA623B004F8236 /* AppDelegate.swift in Sources */ = {isa = PBXBuildFile; fileRef = E229AEAF23EA623B004F8236 /* AppDelegate.swift */; };
		E229AEB223EA623B004F8236 /* SceneDelegate.swift in Sources */ = {isa = PBXBuildFile; fileRef = E229AEB123EA623B004F8236 /* SceneDelegate.swift */; };
		E229AEB423EA623B004F8236 /* ViewController.swift in Sources */ = {isa = PBXBuildFile; fileRef = E229AEB323EA623B004F8236 /* ViewController.swift */; };
		E229AEB723EA623B004F8236 /* Main.storyboard in Resources */ = {isa = PBXBuildFile; fileRef = E229AEB523EA623B004F8236 /* Main.storyboard */; };
		E229AEBC23EA623E004F8236 /* LaunchScreen.storyboard in Resources */ = {isa = PBXBuildFile; fileRef = E229AEBA23EA623E004F8236 /* LaunchScreen.storyboard */; };
		E229AEC823EA6507004F8236 /* assets.xcassets in Resources */ = {isa = PBXBuildFile; fileRef = E229AEC723EA6507004F8236 /* assets.xcassets */; };
/* End PBXBuildFile section */

/* Begin PBXFileReference section */
		E229AEAC23EA623B004F8236 /* HOL6.app */ = {isa = PBXFileReference; explicitFileType = wrapper.application; includeInIndex = 0; path = HOL6.app; sourceTree = BUILT_PRODUCTS_DIR; };
		E229AEAF23EA623B004F8236 /* AppDelegate.swift */ = {isa = PBXFileReference; lastKnownFileType = sourcecode.swift; path = AppDelegate.swift; sourceTree = "<group>"; };
		E229AEB123EA623B004F8236 /* SceneDelegate.swift */ = {isa = PBXFileReference; lastKnownFileType = sourcecode.swift; path = SceneDelegate.swift; sourceTree = "<group>"; };
		E229AEB323EA623B004F8236 /* ViewController.swift */ = {isa = PBXFileReference; lastKnownFileType = sourcecode.swift; path = ViewController.swift; sourceTree = "<group>"; };
		E229AEB623EA623B004F8236 /* Base */ = {isa = PBXFileReference; lastKnownFileType = file.storyboard; name = Base; path = Base.lproj/Main.storyboard; sourceTree = "<group>"; };
		E229AEBB23EA623E004F8236 /* Base */ = {isa = PBXFileReference; lastKnownFileType = file.storyboard; name = Base; path = Base.lproj/LaunchScreen.storyboard; sourceTree = "<group>"; };
		E229AEBD23EA623E004F8236 /* Info.plist */ = {isa = PBXFileReference; lastKnownFileType = text.plist.xml; path = Info.plist; sourceTree = "<group>"; };
		E229AEC723EA6507004F8236 /* assets.xcassets */ = {isa = PBXFileReference; lastKnownFileType = folder.assetcatalog; path = assets.xcassets; sourceTree = "<group>"; };
/* End PBXFileReference section */

/* Begin PBXFrameworksBuildPhase section */
		E229AEA923EA623B004F8236 /* Frameworks */ = {
			isa = PBXFrameworksBuildPhase;
			buildActionMask = 2147483647;
			files = (
			);
			runOnlyForDeploymentPostprocessing = 0;
		};
/* End PBXFrameworksBuildPhase section */

/* Begin PBXGroup section */
		E229AEA323EA623B004F8236 = {
			isa = PBXGroup;
			children = (
				E229AEAE23EA623B004F8236 /* HOL6 */,
				E229AEAD23EA623B004F8236 /* Products */,
			);
			sourceTree = "<group>";
		};
		E229AEAD23EA623B004F8236 /* Products */ = {
			isa = PBXGroup;
			children = (
				E229AEAC23EA623B004F8236 /* HOL6.app */,
			);
			name = Products;
			sourceTree = "<group>";
		};
		E229AEAE23EA623B004F8236 /* HOL6 */ = {
			isa = PBXGroup;
			children = (
				E229AEAF23EA623B004F8236 /* AppDelegate.swift */,
				E229AEB123EA623B004F8236 /* SceneDelegate.swift */,
				E229AEB323EA623B004F8236 /* ViewController.swift */,
				E229AEB523EA623B004F8236 /* Main.storyboard */,
				E229AEBA23EA623E004F8236 /* LaunchScreen.storyboard */,
				E229AEBD23EA623E004F8236 /* Info.plist */,
				E229AEC723EA6507004F8236 /* assets.xcassets */,
			);
			path = HOL6;
			sourceTree = "<group>";
		};
/* End PBXGroup section */

/* Begin PBXNativeTarget section */
		E229AEAB23EA623B004F8236 /* HOL6 */ = {
			isa = PBXNativeTarget;
			buildConfigurationList = E229AEC023EA623E004F8236 /* Build configuration list for PBXNativeTarget "HOL6" */;
			buildPhases = (
				E229AEA823EA623B004F8236 /* Sources */,
				E229AEA923EA623B004F8236 /* Frameworks */,
				E229AEAA23EA623B004F8236 /* Resources */,
			);
			buildRules = (
			);
			dependencies = (
			);
			name = HOL6;
			productName = HOL6;
			productReference = E229AEAC23EA623B004F8236 /* HOL6.app */;
			productType = "com.apple.product-type.application";
		};
/* End PBXNativeTarget section */

/* Begin PBXProject section */
		E229AEA423EA623B004F8236 /* Project object */ = {
			isa = PBXProject;
			attributes = {
				LastSwiftUpdateCheck = 1130;
				LastUpgradeCheck = 1130;
				ORGANIZATIONNAME = revature;
				TargetAttributes = {
					E229AEAB23EA623B004F8236 = {
						CreatedOnToolsVersion = 11.3;
					};
				};
			};
			buildConfigurationList = E229AEA723EA623B004F8236 /* Build configuration list for PBXProject "HOL6" */;
			compatibilityVersion = "Xcode 9.3";
			developmentRegion = en;
			hasScannedForEncodings = 0;
			knownRegions = (
				en,
				Base,
			);
			mainGroup = E229AEA323EA623B004F8236;
			productRefGroup = E229AEAD23EA623B004F8236 /* Products */;
			projectDirPath = "";
			projectRoot = "";
			targets = (
				E229AEAB23EA623B004F8236 /* HOL6 */,
			);
		};
/* End PBXProject section */

/* Begin PBXResourcesBuildPhase section */
		E229AEAA23EA623B004F8236 /* Resources */ = {
			isa = PBXResourcesBuildPhase;
			buildActionMask = 2147483647;
			files = (
				E229AEBC23EA623E004F8236 /* LaunchScreen.storyboard in Resources */,
				E229AEB723EA623B004F8236 /* Main.storyboard in Resources */,
				E229AEC823EA6507004F8236 /* assets.xcassets in Resources */,
			);
			runOnlyForDeploymentPostprocessing = 0;
		};
/* End PBXResourcesBuildPhase section */

/* Begin PBXSourcesBuildPhase section */
		E229AEA823EA623B004F8236 /* Sources */ = {
			isa = PBXSourcesBuildPhase;
			buildActionMask = 2147483647;
			files = (
				E229AEB423EA623B004F8236 /* ViewController.swift in Sources */,
				E229AEB023EA623B004F8236 /* AppDelegate.swift in Sources */,
				E229AEB223EA623B004F8236 /* SceneDelegate.swift in Sources */,
			);
			runOnlyForDeploymentPostprocessing = 0;
		};
/* End PBXSourcesBuildPhase section */

/* Begin PBXVariantGroup section */
		E229AEB523EA623B004F8236 /* Main.storyboard */ = {
			isa = PBXVariantGroup;
			children = (
				E229AEB623EA623B004F8236 /* Base */,
			);
			name = Main.storyboard;
			sourceTree = "<group>";
		};
		E229AEBA23EA623E004F8236 /* LaunchScreen.storyboard */ = {
			isa = PBXVariantGroup;
			children = (
				E229AEBB23EA623E004F8236 /* Base */,
			);
			name = LaunchScreen.storyboard;
			sourceTree = "<group>";
		};
/* End PBXVariantGroup section */

/* Begin XCBuildConfiguration section */
		E229AEBE23EA623E004F8236 /* Debug */ = {
			isa = XCBuildConfiguration;
			buildSettings = {
				ALWAYS_SEARCH_USER_PATHS = NO;
				CLANG_ANALYZER_NONNULL = YES;
				CLANG_ANALYZER_NUMBER_OBJECT_CONVERSION = YES_AGGRESSIVE;
				CLANG_CXX_LANGUAGE_STANDARD = "gnu++14";
				CLANG_CXX_LIBRARY = "libc++";
				CLANG_ENABLE_MODULES = YES;
				CLANG_ENABLE_OBJC_ARC = YES;
				CLANG_ENABLE_OBJC_WEAK = YES;
				CLANG_WARN_BLOCK_CAPTURE_AUTORELEASING = YES;
				CLANG_WARN_BOOL_CONVERSION = YES;
				CLANG_WARN_COMMA = YES;
				CLANG_WARN_CONSTANT_CONVERSION = YES;
				CLANG_WARN_DEPRECATED_OBJC_IMPLEMENTATIONS = YES;
				CLANG_WARN_DIRECT_OBJC_ISA_USAGE = YES_ERROR;
				CLANG_WARN_DOCUMENTATION_COMMENTS = YES;
				CLANG_WARN_EMPTY_BODY = YES;
				CLANG_WARN_ENUM_CONVERSION = YES;
				CLANG_WARN_INFINITE_RECURSION = YES;
				CLANG_WARN_INT_CONVERSION = YES;
				CLANG_WARN_NON_LITERAL_NULL_CONVERSION = YES;
				CLANG_WARN_OBJC_IMPLICIT_RETAIN_SELF = YES;
				CLANG_WARN_OBJC_LITERAL_CONVERSION = YES;
				CLANG_WARN_OBJC_ROOT_CLASS = YES_ERROR;
				CLANG_WARN_RANGE_LOOP_ANALYSIS = YES;
				CLANG_WARN_STRICT_PROTOTYPES = YES;
				CLANG_WARN_SUSPICIOUS_MOVE = YES;
				CLANG_WARN_UNGUARDED_AVAILABILITY = YES_AGGRESSIVE;
				CLANG_WARN_UNREACHABLE_CODE = YES;
				CLANG_WARN__DUPLICATE_METHOD_MATCH = YES;
				COPY_PHASE_STRIP = NO;
				DEBUG_INFORMATION_FORMAT = dwarf;
				ENABLE_STRICT_OBJC_MSGSEND = YES;
				ENABLE_TESTABILITY = YES;
				GCC_C_LANGUAGE_STANDARD = gnu11;
				GCC_DYNAMIC_NO_PIC = NO;
				GCC_NO_COMMON_BLOCKS = YES;
				GCC_OPTIMIZATION_LEVEL = 0;
				GCC_PREPROCESSOR_DEFINITIONS = (
					"DEBUG=1",
					"$(inherited)",
				);
				GCC_WARN_64_TO_32_BIT_CONVERSION = YES;
				GCC_WARN_ABOUT_RETURN_TYPE = YES_ERROR;
				GCC_WARN_UNDECLARED_SELECTOR = YES;
				GCC_WARN_UNINITIALIZED_AUTOS = YES_AGGRESSIVE;
				GCC_WARN_UNUSED_FUNCTION = YES;
				GCC_WARN_UNUSED_VARIABLE = YES;
				IPHONEOS_DEPLOYMENT_TARGET = 13.2;
				MTL_ENABLE_DEBUG_INFO = INCLUDE_SOURCE;
				MTL_FAST_MATH = YES;
				ONLY_ACTIVE_ARCH = YES;
				SDKROOT = iphoneos;
				SWIFT_ACTIVE_COMPILATION_CONDITIONS = DEBUG;
				SWIFT_OPTIMIZATION_LEVEL = "-Onone";
			};
			name = Debug;
		};
		E229AEBF23EA623E004F8236 /* Release */ = {
			isa = XCBuildConfiguration;
			buildSettings = {
				ALWAYS_SEARCH_USER_PATHS = NO;
				CLANG_ANALYZER_NONNULL = YES;
				CLANG_ANALYZER_NUMBER_OBJECT_CONVERSION = YES_AGGRESSIVE;
				CLANG_CXX_LANGUAGE_STANDARD = "gnu++14";
				CLANG_CXX_LIBRARY = "libc++";
				CLANG_ENABLE_MODULES = YES;
				CLANG_ENABLE_OBJC_ARC = YES;
				CLANG_ENABLE_OBJC_WEAK = YES;
				CLANG_WARN_BLOCK_CAPTURE_AUTORELEASING = YES;
				CLANG_WARN_BOOL_CONVERSION = YES;
				CLANG_WARN_COMMA = YES;
				CLANG_WARN_CONSTANT_CONVERSION = YES;
				CLANG_WARN_DEPRECATED_OBJC_IMPLEMENTATIONS = YES;
				CLANG_WARN_DIRECT_OBJC_ISA_USAGE = YES_ERROR;
				CLANG_WARN_DOCUMENTATION_COMMENTS = YES;
				CLANG_WARN_EMPTY_BODY = YES;
				CLANG_WARN_ENUM_CONVERSION = YES;
				CLANG_WARN_INFINITE_RECURSION = YES;
				CLANG_WARN_INT_CONVERSION = YES;
				CLANG_WARN_NON_LITERAL_NULL_CONVERSION = YES;
				CLANG_WARN_OBJC_IMPLICIT_RETAIN_SELF = YES;
				CLANG_WARN_OBJC_LITERAL_CONVERSION = YES;
				CLANG_WARN_OBJC_ROOT_CLASS = YES_ERROR;
				CLANG_WARN_RANGE_LOOP_ANALYSIS = YES;
				CLANG_WARN_STRICT_PROTOTYPES = YES;
				CLANG_WARN_SUSPICIOUS_MOVE = YES;
				CLANG_WARN_UNGUARDED_AVAILABILITY = YES_AGGRESSIVE;
				CLANG_WARN_UNREACHABLE_CODE = YES;
				CLANG_WARN__DUPLICATE_METHOD_MATCH = YES;
				COPY_PHASE_STRIP = NO;
				DEBUG_INFORMATION_FORMAT = "dwarf-with-dsym";
				ENABLE_NS_ASSERTIONS = NO;
				ENABLE_STRICT_OBJC_MSGSEND = YES;
				GCC_C_LANGUAGE_STANDARD = gnu11;
				GCC_NO_COMMON_BLOCKS = YES;
				GCC_WARN_64_TO_32_BIT_CONVERSION = YES;
				GCC_WARN_ABOUT_RETURN_TYPE = YES_ERROR;
				GCC_WARN_UNDECLARED_SELECTOR = YES;
				GCC_WARN_UNINITIALIZED_AUTOS = YES_AGGRESSIVE;
				GCC_WARN_UNUSED_FUNCTION = YES;
				GCC_WARN_UNUSED_VARIABLE = YES;
				IPHONEOS_DEPLOYMENT_TARGET = 13.2;
				MTL_ENABLE_DEBUG_INFO = NO;
				MTL_FAST_MATH = YES;
				SDKROOT = iphoneos;
				SWIFT_COMPILATION_MODE = wholemodule;
				SWIFT_OPTIMIZATION_LEVEL = "-O";
				VALIDATE_PRODUCT = YES;
			};
			name = Release;
		};
		E229AEC123EA623E004F8236 /* Debug */ = {
			isa = XCBuildConfiguration;
			buildSettings = {
				ASSETCATALOG_COMPILER_APPICON_NAME = AppIcon;
				CODE_SIGN_STYLE = Automatic;
				DEVELOPMENT_TEAM = RHDB24YH5P;
				INFOPLIST_FILE = HOL6/Info.plist;
				LD_RUNPATH_SEARCH_PATHS = (
					"$(inherited)",
					"@executable_path/Frameworks",
				);
				PRODUCT_BUNDLE_IDENTIFIER = com.revature.HOL6;
				PRODUCT_NAME = "$(TARGET_NAME)";
				SWIFT_VERSION = 5.0;
				TARGETED_DEVICE_FAMILY = "1,2";
			};
			name = Debug;
		};
		E229AEC223EA623E004F8236 /* Release */ = {
			isa = XCBuildConfiguration;
			buildSettings = {
				ASSETCATALOG_COMPILER_APPICON_NAME = AppIcon;
				CODE_SIGN_STYLE = Automatic;
				DEVELOPMENT_TEAM = RHDB24YH5P;
				INFOPLIST_FILE = HOL6/Info.plist;
				LD_RUNPATH_SEARCH_PATHS = (
					"$(inherited)",
					"@executable_path/Frameworks",
				);
				PRODUCT_BUNDLE_IDENTIFIER = com.revature.HOL6;
				PRODUCT_NAME = "$(TARGET_NAME)";
				SWIFT_VERSION = 5.0;
				TARGETED_DEVICE_FAMILY = "1,2";
			};
			name = Release;
		};
/* End XCBuildConfiguration section */

/* Begin XCConfigurationList section */
		E229AEA723EA623B004F8236 /* Build configuration list for PBXProject "HOL6" */ = {
			isa = XCConfigurationList;
			buildConfigurations = (
				E229AEBE23EA623E004F8236 /* Debug */,
				E229AEBF23EA623E004F8236 /* Release */,
			);
			defaultConfigurationIsVisible = 0;
			defaultConfigurationName = Release;
		};
		E229AEC023EA623E004F8236 /* Build configuration list for PBXNativeTarget "HOL6" */ = {
			isa = XCConfigurationList;
			buildConfigurations = (
				E229AEC123EA623E004F8236 /* Debug */,
				E229AEC223EA623E004F8236 /* Release */,
			);
			defaultConfigurationIsVisible = 0;
			defaultConfigurationName = Release;
		};
/* End XCConfigurationList section */
	};
	rootObject = E229AEA423EA623B004F8236 /* Project object */;
}
